Microsoft Visual Studio Solution File, Format Version 12.00
# Visual Studio 14
VisualStudioVersion = 14.0.25420.1
MinimumVisualStudioVersion = 10.0.40219.1
Project("{8BC9CEB8-8B4A-11D0-8D11-00A0C91BC942}") = "SCICompanionLib", "SCICompanionLib\SCICompanionLib.vcxproj", "{761DE01C-57F6-45C5-AAFC-AC48000C423F}"
	ProjectSection(ProjectDependencies) = postProject
		{89CFFC49-D858-481E-99C5-E312F7C1EA95} = {89CFFC49-D858-481E-99C5-E312F7C1EA95}
	EndProjectSection
EndProject
Project("{8BC9CEB8-8B4A-11D0-8D11-00A0C91BC942}") = "ProfUISLIB", "Prof-UIS.2.92\ProfUISLIB\ProfUISLIB_1000.vcxproj", "{89CFFC49-D858-481E-99C5-E312F7C1EA95}"
EndProject
Project("{8BC9CEB8-8B4A-11D0-8D11-00A0C91BC942}") = "SCICompanion", "SCICompanion\SCICompanion.vcxproj", "{6F805ECA-9DC8-42E0-A918-38A7315C7E8F}"
	ProjectSection(ProjectDependencies) = postProject
		{761DE01C-57F6-45C5-AAFC-AC48000C423F} = {761DE01C-57F6-45C5-AAFC-AC48000C423F}
		{89CFFC49-D858-481E-99C5-E312F7C1EA95} = {89CFFC49-D858-481E-99C5-E312F7C1EA95}
	EndProjectSection
EndProject
Global
	GlobalSection(SolutionConfigurationPlatforms) = preSolution
		Kawa|Win32 = Kawa|Win32
		Kawa|x64 = Kawa|x64
		Mild|Win32 = Mild|Win32
		Mild|x64 = Mild|x64
		Regular|Win32 = Regular|Win32
		Regular|x64 = Regular|x64
	EndGlobalSection
	GlobalSection(ProjectConfigurationPlatforms) = postSolution
		{761DE01C-57F6-45C5-AAFC-AC48000C423F}.Kawa|Win32.ActiveCfg = Kawa|Win32
		{761DE01C-57F6-45C5-AAFC-AC48000C423F}.Kawa|Win32.Build.0 = Kawa|Win32
		{761DE01C-57F6-45C5-AAFC-AC48000C423F}.Kawa|x64.ActiveCfg = Debug|Win32
		{761DE01C-57F6-45C5-AAFC-AC48000C423F}.Kawa|x64.Build.0 = Debug|Win32
		{761DE01C-57F6-45C5-AAFC-AC48000C423F}.Mild|Win32.ActiveCfg = Mild|Win32
		{761DE01C-57F6-45C5-AAFC-AC48000C423F}.Mild|Win32.Build.0 = Mild|Win32
		{761DE01C-57F6-45C5-AAFC-AC48000C423F}.Mild|x64.ActiveCfg = Debug|Win32
		{761DE01C-57F6-45C5-AAFC-AC48000C423F}.Mild|x64.Build.0 = Debug|Win32
		{761DE01C-57F6-45C5-AAFC-AC48000C423F}.Regular|Win32.ActiveCfg = Release|Win32
		{761DE01C-57F6-45C5-AAFC-AC48000C423F}.Regular|Win32.Build.0 = Release|Win32
		{761DE01C-57F6-45C5-AAFC-AC48000C423F}.Regular|x64.ActiveCfg = Debug|Win32
		{761DE01C-57F6-45C5-AAFC-AC48000C423F}.Regular|x64.Build.0 = Debug|Win32
		{89CFFC49-D858-481E-99C5-E312F7C1EA95}.Kawa|Win32.ActiveCfg = Static MBCS Release|Win32
		{89CFFC49-D858-481E-99C5-E312F7C1EA95}.Kawa|Win32.Build.0 = Static MBCS Release|Win32
		{89CFFC49-D858-481E-99C5-E312F7C1EA95}.Kawa|x64.ActiveCfg = Static MBCS Release|Win32
		{89CFFC49-D858-481E-99C5-E312F7C1EA95}.Mild|Win32.ActiveCfg = Static MBCS Release|Win32
		{89CFFC49-D858-481E-99C5-E312F7C1EA95}.Mild|Win32.Build.0 = Static MBCS Release|Win32
		{89CFFC49-D858-481E-99C5-E312F7C1EA95}.Mild|x64.ActiveCfg = Static MBCS Release|Win32
		{89CFFC49-D858-481E-99C5-E312F7C1EA95}.Regular|Win32.ActiveCfg = Static MBCS Release|Win32
		{89CFFC49-D858-481E-99C5-E312F7C1EA95}.Regular|Win32.Build.0 = Static MBCS Release|Win32
		{89CFFC49-D858-481E-99C5-E312F7C1EA95}.Regular|x64.ActiveCfg = Static MBCS Release|Win32
		{6F805ECA-9DC8-42E0-A918-38A7315C7E8F}.Kawa|Win32.ActiveCfg = Kawa|Win32
		{6F805ECA-9DC8-42E0-A918-38A7315C7E8F}.Kawa|Win32.Build.0 = Kawa|Win32
		{6F805ECA-9DC8-42E0-A918-38A7315C7E8F}.Kawa|x64.ActiveCfg = Debug|Win32
		{6F805ECA-9DC8-42E0-A918-38A7315C7E8F}.Kawa|x64.Build.0 = Debug|Win32
		{6F805ECA-9DC8-42E0-A918-38A7315C7E8F}.Mild|Win32.ActiveCfg = Mild|Win32
		{6F805ECA-9DC8-42E0-A918-38A7315C7E8F}.Mild|Win32.Build.0 = Mild|Win32
		{6F805ECA-9DC8-42E0-A918-38A7315C7E8F}.Mild|x64.ActiveCfg = Debug|Win32
		{6F805ECA-9DC8-42E0-A918-38A7315C7E8F}.Mild|x64.Build.0 = Debug|Win32
		{6F805ECA-9DC8-42E0-A918-38A7315C7E8F}.Regular|Win32.ActiveCfg = Release|Win32
		{6F805ECA-9DC8-42E0-A918-38A7315C7E8F}.Regular|Win32.Build.0 = Release|Win32
		{6F805ECA-9DC8-42E0-A918-38A7315C7E8F}.Regular|x64.ActiveCfg = Debug|Win32
		{6F805ECA-9DC8-42E0-A918-38A7315C7E8F}.Regular|x64.Build.0 = Debug|Win32
	EndGlobalSection
	GlobalSection(SolutionProperties) = preSolution
		HideSolutionNode = FALSE
	EndGlobalSection
EndGlobal
